
Microsoft Visual Studio Solution File, Format Version 10.00
# Visual Studio 2008
Project("{FAE04EC0-301F-11D3-BF4B-00C04F79EFBC}") = "ExpectEx", "ExpectEx\ExpectEx.csproj", "{0344E262-CAF6-4E93-97BA-3DCE451AC055}"
EndProject
Project("{FAE04EC0-301F-11D3-BF4B-00C04F79EFBC}") = "ExpectEx.Tests", "ExpectEx.Tests\ExpectEx.Tests.csproj", "{A86672D0-D5EA-41FA-85C1-4DD24D3C2F3D}"
EndProject
Project("{FAE04EC0-301F-11D3-BF4B-00C04F79EFBC}") = "ExpectEx.NUnit", "ExpectEx.NUnit\ExpectEx.NUnit.csproj", "{8237CF6C-B19F-44DA-B445-3EEE66B78074}"
EndProject
Project("{FAE04EC0-301F-11D3-BF4B-00C04F79EFBC}") = "ExpectEx.NUnit.Tests", "ExpectEx.NUnit.Tests\ExpectEx.NUnit.Tests.csproj", "{F56922CD-3052-47ED-9ECE-E017E7A71781}"
EndProject
Global
	GlobalSection(SolutionConfigurationPlatforms) = preSolution
		Debug|Any CPU = Debug|Any CPU
		Release|Any CPU = Release|Any CPU
	EndGlobalSection
	GlobalSection(ProjectConfigurationPlatforms) = postSolution
		{0344E262-CAF6-4E93-97BA-3DCE451AC055}.Debug|Any CPU.ActiveCfg = Debug|Any CPU
		{0344E262-CAF6-4E93-97BA-3DCE451AC055}.Debug|Any CPU.Build.0 = Debug|Any CPU
		{0344E262-CAF6-4E93-97BA-3DCE451AC055}.Release|Any CPU.ActiveCfg = Release|Any CPU
		{0344E262-CAF6-4E93-97BA-3DCE451AC055}.Release|Any CPU.Build.0 = Release|Any CPU
		{A86672D0-D5EA-41FA-85C1-4DD24D3C2F3D}.Debug|Any CPU.ActiveCfg = Debug|Any CPU
		{A86672D0-D5EA-41FA-85C1-4DD24D3C2F3D}.Debug|Any CPU.Build.0 = Debug|Any CPU
		{A86672D0-D5EA-41FA-85C1-4DD24D3C2F3D}.Release|Any CPU.ActiveCfg = Release|Any CPU
		{A86672D0-D5EA-41FA-85C1-4DD24D3C2F3D}.Release|Any CPU.Build.0 = Release|Any CPU
		{8237CF6C-B19F-44DA-B445-3EEE66B78074}.Debug|Any CPU.ActiveCfg = Debug|Any CPU
		{8237CF6C-B19F-44DA-B445-3EEE66B78074}.Debug|Any CPU.Build.0 = Debug|Any CPU
		{8237CF6C-B19F-44DA-B445-3EEE66B78074}.Release|Any CPU.ActiveCfg = Release|Any CPU
		{8237CF6C-B19F-44DA-B445-3EEE66B78074}.Release|Any CPU.Build.0 = Release|Any CPU
		{F56922CD-3052-47ED-9ECE-E017E7A71781}.Debug|Any CPU.ActiveCfg = Debug|Any CPU
		{F56922CD-3052-47ED-9ECE-E017E7A71781}.Debug|Any CPU.Build.0 = Debug|Any CPU
		{F56922CD-3052-47ED-9ECE-E017E7A71781}.Release|Any CPU.ActiveCfg = Release|Any CPU
		{F56922CD-3052-47ED-9ECE-E017E7A71781}.Release|Any CPU.Build.0 = Release|Any CPU
	EndGlobalSection
	GlobalSection(SolutionProperties) = preSolution
		HideSolutionNode = FALSE
	EndGlobalSection
EndGlobal
